
Microsoft Visual Studio Solution File, Format Version 12.00
# Visual Studio 15
Project("{FAE04EC0-301F-11D3-BF4B-00C04F79EFBC}") = "Assembly-CSharp", "Assembly-CSharp.csproj", "{9D65267F-0A3A-BC2C-403B-EDB162E6F1D5}"
EndProject
Project("{FAE04EC0-301F-11D3-BF4B-00C04F79EFBC}") = "Assembly-CSharp-Editor", "Assembly-CSharp-Editor.csproj", "{CAD62620-D79B-FD83-4ABA-8F9EF760C17A}"
EndProject
Global
	GlobalSection(SolutionConfigurationPlatforms) = preSolution
		Debug|Any CPU = Debug|Any CPU
		Release|Any CPU = Release|Any CPU
	EndGlobalSection
	GlobalSection(ProjectConfigurationPlatforms) = postSolution
		{9D65267F-0A3A-BC2C-403B-EDB162E6F1D5}.Debug|Any CPU.ActiveCfg = Debug|Any CPU
		{9D65267F-0A3A-BC2C-403B-EDB162E6F1D5}.Debug|Any CPU.Build.0 = Debug|Any CPU
		{9D65267F-0A3A-BC2C-403B-EDB162E6F1D5}.Release|Any CPU.ActiveCfg = Release|Any CPU
		{9D65267F-0A3A-BC2C-403B-EDB162E6F1D5}.Release|Any CPU.Build.0 = Release|Any CPU
		{CAD62620-D79B-FD83-4ABA-8F9EF760C17A}.Debug|Any CPU.ActiveCfg = Debug|Any CPU
		{CAD62620-D79B-FD83-4ABA-8F9EF760C17A}.Debug|Any CPU.Build.0 = Debug|Any CPU
		{CAD62620-D79B-FD83-4ABA-8F9EF760C17A}.Release|Any CPU.ActiveCfg = Release|Any CPU
		{CAD62620-D79B-FD83-4ABA-8F9EF760C17A}.Release|Any CPU.Build.0 = Release|Any CPU
	EndGlobalSection
	GlobalSection(SolutionProperties) = preSolution
		HideSolutionNode = FALSE
	EndGlobalSection
	GlobalSection(MonoDevelopProperties) = preSolution
		StartupItem = Assembly-CSharp.csproj
	EndGlobalSection
EndGlobal
